// !$*UTF8*$!
{
	archiveVersion = 1;
	classes = {
	};
	objectVersion = 55;
	objects = {

/* Begin PBXBuildFile section */
		589E63461E80358E1F54C402 /* Pods_SSoftProject.framework in Frameworks */ = {isa = PBXBuildFile; fileRef = 134D26F55E15E05254E11928 /* Pods_SSoftProject.framework */; };
		9C1A41F228942E1A002B7C80 /* CategoriesCoreDataModel.xcdatamodeld in Sources */ = {isa = PBXBuildFile; fileRef = 9C1A41F028942E1A002B7C80 /* CategoriesCoreDataModel.xcdatamodeld */; };
		9C1A42002896D12A002B7C80 /* CoreDataService.swift in Sources */ = {isa = PBXBuildFile; fileRef = 9C1A41FF2896D12A002B7C80 /* CoreDataService.swift */; };
		9C48498728885BA900B95FA0 /* HelpVariantsView.swift in Sources */ = {isa = PBXBuildFile; fileRef = 9C48498628885BA900B95FA0 /* HelpVariantsView.swift */; };
		9C4849892888764C00B95FA0 /* UIButton+.swift in Sources */ = {isa = PBXBuildFile; fileRef = 9C4849882888764C00B95FA0 /* UIButton+.swift */; };
		9C542614289EA9EA009F1FE8 /* EndPointType.swift in Sources */ = {isa = PBXBuildFile; fileRef = 9C542613289EA9EA009F1FE8 /* EndPointType.swift */; };
		9C542616289EAA77009F1FE8 /* HTTPMethod.swift in Sources */ = {isa = PBXBuildFile; fileRef = 9C542615289EAA77009F1FE8 /* HTTPMethod.swift */; };
		9C542618289EAB1F009F1FE8 /* HTTPTask.swift in Sources */ = {isa = PBXBuildFile; fileRef = 9C542617289EAB1F009F1FE8 /* HTTPTask.swift */; };
		9C54261A289EAC06009F1FE8 /* ParameterEncoding.swift in Sources */ = {isa = PBXBuildFile; fileRef = 9C542619289EAC06009F1FE8 /* ParameterEncoding.swift */; };
		9C54261C289EADDE009F1FE8 /* URLParameterEncoder.swift in Sources */ = {isa = PBXBuildFile; fileRef = 9C54261B289EADDE009F1FE8 /* URLParameterEncoder.swift */; };
		9C54261E289EAFC8009F1FE8 /* JSONParameterEncoder.swift in Sources */ = {isa = PBXBuildFile; fileRef = 9C54261D289EAFC8009F1FE8 /* JSONParameterEncoder.swift */; };
		9C542622289EB17C009F1FE8 /* Router.swift in Sources */ = {isa = PBXBuildFile; fileRef = 9C542621289EB17C009F1FE8 /* Router.swift */; };
		9C542624289EB6EE009F1FE8 /* CategoriesEndPoint.swift in Sources */ = {isa = PBXBuildFile; fileRef = 9C542623289EB6EE009F1FE8 /* CategoriesEndPoint.swift */; };
		9C542626289EBA0F009F1FE8 /* NetworkManager.swift in Sources */ = {isa = PBXBuildFile; fileRef = 9C542625289EBA0F009F1FE8 /* NetworkManager.swift */; };
		9C773A7527CD4B7C00B6B589 /* AppDelegate.swift in Sources */ = {isa = PBXBuildFile; fileRef = 9C773A7427CD4B7C00B6B589 /* AppDelegate.swift */; };
		9C773A7727CD4B7C00B6B589 /* SceneDelegate.swift in Sources */ = {isa = PBXBuildFile; fileRef = 9C773A7627CD4B7C00B6B589 /* SceneDelegate.swift */; };
		9C773A7927CD4B7C00B6B589 /* SplashScreenViewController.swift in Sources */ = {isa = PBXBuildFile; fileRef = 9C773A7827CD4B7C00B6B589 /* SplashScreenViewController.swift */; };
		9C773A7C27CD4B7C00B6B589 /* Main.storyboard in Resources */ = {isa = PBXBuildFile; fileRef = 9C773A7A27CD4B7C00B6B589 /* Main.storyboard */; };
		9C773A7E27CD4B7F00B6B589 /* Assets.xcassets in Resources */ = {isa = PBXBuildFile; fileRef = 9C773A7D27CD4B7F00B6B589 /* Assets.xcassets */; };
		9C773A8127CD4B7F00B6B589 /* LaunchScreen.storyboard in Resources */ = {isa = PBXBuildFile; fileRef = 9C773A7F27CD4B7F00B6B589 /* LaunchScreen.storyboard */; };
		9C84CDA82885C8EA00B643F5 /* Event.swift in Sources */ = {isa = PBXBuildFile; fileRef = 9C84CDA72885C8EA00B643F5 /* Event.swift */; };
		9C84CDAA2885CB5300B643F5 /* CharityEventsViewController.swift in Sources */ = {isa = PBXBuildFile; fileRef = 9C84CDA92885CB5300B643F5 /* CharityEventsViewController.swift */; };
		9C84CDAD2885E43300B643F5 /* JSONDecoderService.swift in Sources */ = {isa = PBXBuildFile; fileRef = 9C84CDAC2885E43300B643F5 /* JSONDecoderService.swift */; };
		9C84CDB02885EA9D00B643F5 /* CharityCell.swift in Sources */ = {isa = PBXBuildFile; fileRef = 9C84CDAF2885EA9D00B643F5 /* CharityCell.swift */; };
		9C84CDB42887046300B643F5 /* Categories.json in Resources */ = {isa = PBXBuildFile; fileRef = 9C84CDB32887046200B643F5 /* Categories.json */; };
		9C84CDB62887052800B643F5 /* Constants.swift in Sources */ = {isa = PBXBuildFile; fileRef = 9C84CDB52887052800B643F5 /* Constants.swift */; };
		9C84CDC52887150B00B643F5 /* Events.json in Resources */ = {isa = PBXBuildFile; fileRef = 9C84CDC42887150B00B643F5 /* Events.json */; };
		9C84CDC728871C5C00B643F5 /* DetailEventViewController.swift in Sources */ = {isa = PBXBuildFile; fileRef = 9C84CDC628871C5C00B643F5 /* DetailEventViewController.swift */; };
		9C84CDC9288723D800B643F5 /* DetailEventCell.swift in Sources */ = {isa = PBXBuildFile; fileRef = 9C84CDC8288723D800B643F5 /* DetailEventCell.swift */; };
		9C84CDD328872EB100B643F5 /* OfficinaSansExtraBoldSCC.otf in Resources */ = {isa = PBXBuildFile; fileRef = 9C84CDD228872EB100B643F5 /* OfficinaSansExtraBoldSCC.otf */; };
		9C84CDD5288735D100B643F5 /* UIStackView+.swift in Sources */ = {isa = PBXBuildFile; fileRef = 9C84CDD4288735D000B643F5 /* UIStackView+.swift */; };
		9C84CDD72887555000B643F5 /* TableFooterView.swift in Sources */ = {isa = PBXBuildFile; fileRef = 9C84CDD62887555000B643F5 /* TableFooterView.swift */; };
		9C84CDD928875D0700B643F5 /* Ubuntu-Regular.ttf in Resources */ = {isa = PBXBuildFile; fileRef = 9C84CDD828875D0700B643F5 /* Ubuntu-Regular.ttf */; };
		9CA69FDC287DDBC90073817D /* UIColor+.swift in Sources */ = {isa = PBXBuildFile; fileRef = 9CA69FDB287DDBC90073817D /* UIColor+.swift */; };
		9CA69FE2287DEA050073817D /* UIFont+.swift in Sources */ = {isa = PBXBuildFile; fileRef = 9CA69FE1287DEA050073817D /* UIFont+.swift */; };
		9CA69FE4287DEB5F0073817D /* HelpCategoriesViewController.swift in Sources */ = {isa = PBXBuildFile; fileRef = 9CA69FE3287DEB5F0073817D /* HelpCategoriesViewController.swift */; };
		9CA69FE8287DF2B00073817D /* Categories.swift in Sources */ = {isa = PBXBuildFile; fileRef = 9CA69FE7287DF2B00073817D /* Categories.swift */; };
		9CA69FEA287DF3750073817D /* Section.swift in Sources */ = {isa = PBXBuildFile; fileRef = 9CA69FE9287DF3750073817D /* Section.swift */; };
		9CA69FEC287DF5010073817D /* HelpCategoriesViewControllerCell.swift in Sources */ = {isa = PBXBuildFile; fileRef = 9CA69FEB287DF5010073817D /* HelpCategoriesViewControllerCell.swift */; };
		9CA69FEE287DF6140073817D /* SectionHeader.swift in Sources */ = {isa = PBXBuildFile; fileRef = 9CA69FED287DF6140073817D /* SectionHeader.swift */; };
		9CA69FF7287F12D90073817D /* MainTabBarController.swift in Sources */ = {isa = PBXBuildFile; fileRef = 9CA69FF6287F12D90073817D /* MainTabBarController.swift */; };
		9CA69FF9287F13E20073817D /* CustomTabBar.swift in Sources */ = {isa = PBXBuildFile; fileRef = 9CA69FF8287F13E20073817D /* CustomTabBar.swift */; };
		9CB541FC288EF03C000C868E /* UIView+.swift in Sources */ = {isa = PBXBuildFile; fileRef = 9CB541FB288EF03C000C868E /* UIView+.swift */; };
		9CBD1895289831DB005E4167 /* EventsCD+CoreDataClass.swift in Sources */ = {isa = PBXBuildFile; fileRef = 9CBD1893289831DB005E4167 /* EventsCD+CoreDataClass.swift */; };
		9CBD1896289831DB005E4167 /* EventsCD+CoreDataProperties.swift in Sources */ = {isa = PBXBuildFile; fileRef = 9CBD1894289831DB005E4167 /* EventsCD+CoreDataProperties.swift */; };
		9CBD189928984D95005E4167 /* CategoriesCD+CoreDataClass.swift in Sources */ = {isa = PBXBuildFile; fileRef = 9CBD189728984D95005E4167 /* CategoriesCD+CoreDataClass.swift */; };
		9CBD189A28984D95005E4167 /* CategoriesCD+CoreDataProperties.swift in Sources */ = {isa = PBXBuildFile; fileRef = 9CBD189828984D95005E4167 /* CategoriesCD+CoreDataProperties.swift */; };
		9CBD18D9289B1809005E4167 /* GoogleService-Info.plist in Resources */ = {isa = PBXBuildFile; fileRef = 9CBD18D8289B1809005E4167 /* GoogleService-Info.plist */; };
		9CBD18DB289B2654005E4167 /* NetworkingService.swift in Sources */ = {isa = PBXBuildFile; fileRef = 9CBD18DA289B2654005E4167 /* NetworkingService.swift */; };
		9CFB0BB02891A5840094CFFD /* RealmEvent.swift in Sources */ = {isa = PBXBuildFile; fileRef = 9CFB0BAF2891A5840094CFFD /* RealmEvent.swift */; };
		9CFB0BB22891A5900094CFFD /* RealmCategories.swift in Sources */ = {isa = PBXBuildFile; fileRef = 9CFB0BB12891A5900094CFFD /* RealmCategories.swift */; };
		9CFB0BB52891A7610094CFFD /* RealmService.swift in Sources */ = {isa = PBXBuildFile; fileRef = 9CFB0BB42891A7610094CFFD /* RealmService.swift */; };
/* End PBXBuildFile section */

/* Begin PBXFileReference section */
		077F248D1FA71E5D3F05E60D /* Pods-SSoftProject.release.xcconfig */ = {isa = PBXFileReference; includeInIndex = 1; lastKnownFileType = text.xcconfig; name = "Pods-SSoftProject.release.xcconfig"; path = "Target Support Files/Pods-SSoftProject/Pods-SSoftProject.release.xcconfig"; sourceTree = "<group>"; };
		134D26F55E15E05254E11928 /* Pods_SSoftProject.framework */ = {isa = PBXFileReference; explicitFileType = wrapper.framework; includeInIndex = 0; path = Pods_SSoftProject.framework; sourceTree = BUILT_PRODUCTS_DIR; };
		91C79F6CA6A07609843A1CFF /* Pods-SSoftProject.debug.xcconfig */ = {isa = PBXFileReference; includeInIndex = 1; lastKnownFileType = text.xcconfig; name = "Pods-SSoftProject.debug.xcconfig"; path = "Target Support Files/Pods-SSoftProject/Pods-SSoftProject.debug.xcconfig"; sourceTree = "<group>"; };
		9C1A41F128942E1A002B7C80 /* CategoriesCoreDataModel.xcdatamodel */ = {isa = PBXFileReference; lastKnownFileType = wrapper.xcdatamodel; path = CategoriesCoreDataModel.xcdatamodel; sourceTree = "<group>"; };
		9C1A41FF2896D12A002B7C80 /* CoreDataService.swift */ = {isa = PBXFileReference; lastKnownFileType = sourcecode.swift; path = CoreDataService.swift; sourceTree = "<group>"; };
		9C48498628885BA900B95FA0 /* HelpVariantsView.swift */ = {isa = PBXFileReference; lastKnownFileType = sourcecode.swift; path = HelpVariantsView.swift; sourceTree = "<group>"; };
		9C4849882888764C00B95FA0 /* UIButton+.swift */ = {isa = PBXFileReference; lastKnownFileType = sourcecode.swift; path = "UIButton+.swift"; sourceTree = "<group>"; };
		9C542613289EA9EA009F1FE8 /* EndPointType.swift */ = {isa = PBXFileReference; lastKnownFileType = sourcecode.swift; path = EndPointType.swift; sourceTree = "<group>"; };
		9C542615289EAA77009F1FE8 /* HTTPMethod.swift */ = {isa = PBXFileReference; lastKnownFileType = sourcecode.swift; path = HTTPMethod.swift; sourceTree = "<group>"; };
		9C542617289EAB1F009F1FE8 /* HTTPTask.swift */ = {isa = PBXFileReference; lastKnownFileType = sourcecode.swift; path = HTTPTask.swift; sourceTree = "<group>"; };
		9C542619289EAC06009F1FE8 /* ParameterEncoding.swift */ = {isa = PBXFileReference; lastKnownFileType = sourcecode.swift; path = ParameterEncoding.swift; sourceTree = "<group>"; };
		9C54261B289EADDE009F1FE8 /* URLParameterEncoder.swift */ = {isa = PBXFileReference; lastKnownFileType = sourcecode.swift; path = URLParameterEncoder.swift; sourceTree = "<group>"; };
		9C54261D289EAFC8009F1FE8 /* JSONParameterEncoder.swift */ = {isa = PBXFileReference; lastKnownFileType = sourcecode.swift; path = JSONParameterEncoder.swift; sourceTree = "<group>"; };
		9C542621289EB17C009F1FE8 /* Router.swift */ = {isa = PBXFileReference; lastKnownFileType = sourcecode.swift; path = Router.swift; sourceTree = "<group>"; };
		9C542623289EB6EE009F1FE8 /* CategoriesEndPoint.swift */ = {isa = PBXFileReference; lastKnownFileType = sourcecode.swift; path = CategoriesEndPoint.swift; sourceTree = "<group>"; };
		9C542625289EBA0F009F1FE8 /* NetworkManager.swift */ = {isa = PBXFileReference; lastKnownFileType = sourcecode.swift; path = NetworkManager.swift; sourceTree = "<group>"; };
		9C773A7127CD4B7C00B6B589 /* SSoftProject.app */ = {isa = PBXFileReference; explicitFileType = wrapper.application; includeInIndex = 0; path = SSoftProject.app; sourceTree = BUILT_PRODUCTS_DIR; };
		9C773A7427CD4B7C00B6B589 /* AppDelegate.swift */ = {isa = PBXFileReference; lastKnownFileType = sourcecode.swift; path = AppDelegate.swift; sourceTree = "<group>"; };
		9C773A7627CD4B7C00B6B589 /* SceneDelegate.swift */ = {isa = PBXFileReference; lastKnownFileType = sourcecode.swift; path = SceneDelegate.swift; sourceTree = "<group>"; };
		9C773A7827CD4B7C00B6B589 /* SplashScreenViewController.swift */ = {isa = PBXFileReference; lastKnownFileType = sourcecode.swift; path = SplashScreenViewController.swift; sourceTree = "<group>"; };
		9C773A7B27CD4B7C00B6B589 /* Base */ = {isa = PBXFileReference; lastKnownFileType = file.storyboard; name = Base; path = Base.lproj/Main.storyboard; sourceTree = "<group>"; };
		9C773A7D27CD4B7F00B6B589 /* Assets.xcassets */ = {isa = PBXFileReference; lastKnownFileType = folder.assetcatalog; path = Assets.xcassets; sourceTree = "<group>"; };
		9C773A8027CD4B7F00B6B589 /* Base */ = {isa = PBXFileReference; lastKnownFileType = file.storyboard; name = Base; path = Base.lproj/LaunchScreen.storyboard; sourceTree = "<group>"; };
		9C773A8227CD4B7F00B6B589 /* Info.plist */ = {isa = PBXFileReference; lastKnownFileType = text.plist.xml; path = Info.plist; sourceTree = "<group>"; };
		9C84CDA72885C8EA00B643F5 /* Event.swift */ = {isa = PBXFileReference; lastKnownFileType = sourcecode.swift; path = Event.swift; sourceTree = "<group>"; };
		9C84CDA92885CB5300B643F5 /* CharityEventsViewController.swift */ = {isa = PBXFileReference; lastKnownFileType = sourcecode.swift; path = CharityEventsViewController.swift; sourceTree = "<group>"; };
		9C84CDAC2885E43300B643F5 /* JSONDecoderService.swift */ = {isa = PBXFileReference; lastKnownFileType = sourcecode.swift; path = JSONDecoderService.swift; sourceTree = "<group>"; };
		9C84CDAF2885EA9D00B643F5 /* CharityCell.swift */ = {isa = PBXFileReference; lastKnownFileType = sourcecode.swift; path = CharityCell.swift; sourceTree = "<group>"; };
		9C84CDB32887046200B643F5 /* Categories.json */ = {isa = PBXFileReference; lastKnownFileType = text.json; path = Categories.json; sourceTree = "<group>"; };
		9C84CDB52887052800B643F5 /* Constants.swift */ = {isa = PBXFileReference; lastKnownFileType = sourcecode.swift; path = Constants.swift; sourceTree = "<group>"; };
		9C84CDC42887150B00B643F5 /* Events.json */ = {isa = PBXFileReference; fileEncoding = 4; lastKnownFileType = text.json; path = Events.json; sourceTree = "<group>"; };
		9C84CDC628871C5C00B643F5 /* DetailEventViewController.swift */ = {isa = PBXFileReference; lastKnownFileType = sourcecode.swift; path = DetailEventViewController.swift; sourceTree = "<group>"; };
		9C84CDC8288723D800B643F5 /* DetailEventCell.swift */ = {isa = PBXFileReference; lastKnownFileType = sourcecode.swift; path = DetailEventCell.swift; sourceTree = "<group>"; };
		9C84CDD228872EB100B643F5 /* OfficinaSansExtraBoldSCC.otf */ = {isa = PBXFileReference; lastKnownFileType = file; path = OfficinaSansExtraBoldSCC.otf; sourceTree = "<group>"; };
		9C84CDD4288735D000B643F5 /* UIStackView+.swift */ = {isa = PBXFileReference; lastKnownFileType = sourcecode.swift; path = "UIStackView+.swift"; sourceTree = "<group>"; };
		9C84CDD62887555000B643F5 /* TableFooterView.swift */ = {isa = PBXFileReference; lastKnownFileType = sourcecode.swift; path = TableFooterView.swift; sourceTree = "<group>"; };
		9C84CDD828875D0700B643F5 /* Ubuntu-Regular.ttf */ = {isa = PBXFileReference; lastKnownFileType = file; path = "Ubuntu-Regular.ttf"; sourceTree = "<group>"; };
		9CA69FDB287DDBC90073817D /* UIColor+.swift */ = {isa = PBXFileReference; lastKnownFileType = sourcecode.swift; path = "UIColor+.swift"; sourceTree = "<group>"; };
		9CA69FE1287DEA050073817D /* UIFont+.swift */ = {isa = PBXFileReference; lastKnownFileType = sourcecode.swift; path = "UIFont+.swift"; sourceTree = "<group>"; };
		9CA69FE3287DEB5F0073817D /* HelpCategoriesViewController.swift */ = {isa = PBXFileReference; lastKnownFileType = sourcecode.swift; path = HelpCategoriesViewController.swift; sourceTree = "<group>"; };
		9CA69FE7287DF2B00073817D /* Categories.swift */ = {isa = PBXFileReference; lastKnownFileType = sourcecode.swift; path = Categories.swift; sourceTree = "<group>"; };
		9CA69FE9287DF3750073817D /* Section.swift */ = {isa = PBXFileReference; lastKnownFileType = sourcecode.swift; path = Section.swift; sourceTree = "<group>"; };
		9CA69FEB287DF5010073817D /* HelpCategoriesViewControllerCell.swift */ = {isa = PBXFileReference; lastKnownFileType = sourcecode.swift; path = HelpCategoriesViewControllerCell.swift; sourceTree = "<group>"; };
		9CA69FED287DF6140073817D /* SectionHeader.swift */ = {isa = PBXFileReference; lastKnownFileType = sourcecode.swift; path = SectionHeader.swift; sourceTree = "<group>"; };
		9CA69FF6287F12D90073817D /* MainTabBarController.swift */ = {isa = PBXFileReference; lastKnownFileType = sourcecode.swift; path = MainTabBarController.swift; sourceTree = "<group>"; };
		9CA69FF8287F13E20073817D /* CustomTabBar.swift */ = {isa = PBXFileReference; lastKnownFileType = sourcecode.swift; path = CustomTabBar.swift; sourceTree = "<group>"; };
		9CB541FB288EF03C000C868E /* UIView+.swift */ = {isa = PBXFileReference; lastKnownFileType = sourcecode.swift; path = "UIView+.swift"; sourceTree = "<group>"; };
		9CBD1893289831DB005E4167 /* EventsCD+CoreDataClass.swift */ = {isa = PBXFileReference; lastKnownFileType = sourcecode.swift; path = "EventsCD+CoreDataClass.swift"; sourceTree = SOURCE_ROOT; };
		9CBD1894289831DB005E4167 /* EventsCD+CoreDataProperties.swift */ = {isa = PBXFileReference; lastKnownFileType = sourcecode.swift; path = "EventsCD+CoreDataProperties.swift"; sourceTree = SOURCE_ROOT; };
		9CBD189728984D95005E4167 /* CategoriesCD+CoreDataClass.swift */ = {isa = PBXFileReference; lastKnownFileType = sourcecode.swift; path = "CategoriesCD+CoreDataClass.swift"; sourceTree = SOURCE_ROOT; };
		9CBD189828984D95005E4167 /* CategoriesCD+CoreDataProperties.swift */ = {isa = PBXFileReference; lastKnownFileType = sourcecode.swift; path = "CategoriesCD+CoreDataProperties.swift"; sourceTree = SOURCE_ROOT; };
		9CBD18D8289B1809005E4167 /* GoogleService-Info.plist */ = {isa = PBXFileReference; fileEncoding = 4; lastKnownFileType = text.plist.xml; path = "GoogleService-Info.plist"; sourceTree = "<group>"; };
		9CBD18DA289B2654005E4167 /* NetworkingService.swift */ = {isa = PBXFileReference; lastKnownFileType = sourcecode.swift; path = NetworkingService.swift; sourceTree = "<group>"; };
		9CFB0BAF2891A5840094CFFD /* RealmEvent.swift */ = {isa = PBXFileReference; lastKnownFileType = sourcecode.swift; path = RealmEvent.swift; sourceTree = "<group>"; };
		9CFB0BB12891A5900094CFFD /* RealmCategories.swift */ = {isa = PBXFileReference; lastKnownFileType = sourcecode.swift; path = RealmCategories.swift; sourceTree = "<group>"; };
		9CFB0BB42891A7610094CFFD /* RealmService.swift */ = {isa = PBXFileReference; lastKnownFileType = sourcecode.swift; path = RealmService.swift; sourceTree = "<group>"; };
/* End PBXFileReference section */

/* Begin PBXFrameworksBuildPhase section */
		9C773A6E27CD4B7C00B6B589 /* Frameworks */ = {
			isa = PBXFrameworksBuildPhase;
			buildActionMask = 2147483647;
			files = (
				589E63461E80358E1F54C402 /* Pods_SSoftProject.framework in Frameworks */,
			);
			runOnlyForDeploymentPostprocessing = 0;
		};
/* End PBXFrameworksBuildPhase section */

/* Begin PBXGroup section */
		247D643E170E704F9842FC3D /* Pods */ = {
			isa = PBXGroup;
			children = (
				91C79F6CA6A07609843A1CFF /* Pods-SSoftProject.debug.xcconfig */,
				077F248D1FA71E5D3F05E60D /* Pods-SSoftProject.release.xcconfig */,
			);
			path = Pods;
			sourceTree = "<group>";
		};
		7B565EEF90BDE4285082140A /* Frameworks */ = {
			isa = PBXGroup;
			children = (
				134D26F55E15E05254E11928 /* Pods_SSoftProject.framework */,
			);
			name = Frameworks;
			sourceTree = "<group>";
		};
		9C1A42012896D134002B7C80 /* DataBase */ = {
			isa = PBXGroup;
			children = (
				9CFB0BB42891A7610094CFFD /* RealmService.swift */,
				9C1A41FF2896D12A002B7C80 /* CoreDataService.swift */,
			);
			path = DataBase;
			sourceTree = "<group>";
		};
		9C542612289EA9B9009F1FE8 /* Networking */ = {
			isa = PBXGroup;
			children = (
				9C542627289EC95C009F1FE8 /* EndPoint */,
				9C542628289EC96C009F1FE8 /* NetworkManager */,
				9C542629289EC98A009F1FE8 /* Service */,
				9C54262A289EC9A6009F1FE8 /* Encoding */,
			);
			path = Networking;
			sourceTree = "<group>";
		};
		9C542627289EC95C009F1FE8 /* EndPoint */ = {
			isa = PBXGroup;
			children = (
				9C542623289EB6EE009F1FE8 /* CategoriesEndPoint.swift */,
			);
			path = EndPoint;
			sourceTree = "<group>";
		};
		9C542628289EC96C009F1FE8 /* NetworkManager */ = {
			isa = PBXGroup;
			children = (
				9C542625289EBA0F009F1FE8 /* NetworkManager.swift */,
			);
			path = NetworkManager;
			sourceTree = "<group>";
		};
		9C542629289EC98A009F1FE8 /* Service */ = {
			isa = PBXGroup;
			children = (
				9C542613289EA9EA009F1FE8 /* EndPointType.swift */,
				9C542615289EAA77009F1FE8 /* HTTPMethod.swift */,
				9C542617289EAB1F009F1FE8 /* HTTPTask.swift */,
				9C542621289EB17C009F1FE8 /* Router.swift */,
			);
			path = Service;
			sourceTree = "<group>";
		};
		9C54262A289EC9A6009F1FE8 /* Encoding */ = {
			isa = PBXGroup;
			children = (
				9C542619289EAC06009F1FE8 /* ParameterEncoding.swift */,
				9C54261B289EADDE009F1FE8 /* URLParameterEncoder.swift */,
				9C54261D289EAFC8009F1FE8 /* JSONParameterEncoder.swift */,
			);
			path = Encoding;
			sourceTree = "<group>";
		};
		9C773A6827CD4B7C00B6B589 = {
			isa = PBXGroup;
			children = (
				9CA69FF1287E0A660073817D /* Fonts */,
				9C773A7327CD4B7C00B6B589 /* SSoftProject */,
				9C773A7227CD4B7C00B6B589 /* Products */,
				247D643E170E704F9842FC3D /* Pods */,
				7B565EEF90BDE4285082140A /* Frameworks */,
			);
			sourceTree = "<group>";
		};
		9C773A7227CD4B7C00B6B589 /* Products */ = {
			isa = PBXGroup;
			children = (
				9C773A7127CD4B7C00B6B589 /* SSoftProject.app */,
			);
			name = Products;
			sourceTree = "<group>";
		};
		9C773A7327CD4B7C00B6B589 /* SSoftProject */ = {
			isa = PBXGroup;
			children = (
				9CA69FDD287DDFE20073817D /* Application */,
				9CA69FE6287DECBB0073817D /* Models */,
				9CA69FE5287DECB50073817D /* Views */,
				9CA69FDF287DE0520073817D /* Controllers */,
				9CA69FDA287DDBBD0073817D /* Extensions */,
				9CA69FE0287DE0670073817D /* Storyboards */,
				9CA69FDE287DDFF50073817D /* Helpers */,
				9C84CDA32885C44200B643F5 /* Resourses */,
				9C84CDAB2885E40C00B643F5 /* Service */,
				9C773A8227CD4B7F00B6B589 /* Info.plist */,
				9CBD18D8289B1809005E4167 /* GoogleService-Info.plist */,
			);
			path = SSoftProject;
			sourceTree = "<group>";
		};
		9C84CDA32885C44200B643F5 /* Resourses */ = {
			isa = PBXGroup;
			children = (
				9CBD189728984D95005E4167 /* CategoriesCD+CoreDataClass.swift */,
				9CBD189828984D95005E4167 /* CategoriesCD+CoreDataProperties.swift */,
				9CBD1893289831DB005E4167 /* EventsCD+CoreDataClass.swift */,
				9CBD1894289831DB005E4167 /* EventsCD+CoreDataProperties.swift */,
				9C84CDB52887052800B643F5 /* Constants.swift */,
				9C1A41F028942E1A002B7C80 /* CategoriesCoreDataModel.xcdatamodeld */,
				9C84CDB32887046200B643F5 /* Categories.json */,
				9C84CDC42887150B00B643F5 /* Events.json */,
			);
			path = Resourses;
			sourceTree = "<group>";
		};
		9C84CDAB2885E40C00B643F5 /* Service */ = {
			isa = PBXGroup;
			children = (
				9C542612289EA9B9009F1FE8 /* Networking */,
				9C84CDAC2885E43300B643F5 /* JSONDecoderService.swift */,
				9CBD18DA289B2654005E4167 /* NetworkingService.swift */,
				9C1A42012896D134002B7C80 /* DataBase */,
			);
			path = Service;
			sourceTree = "<group>";
		};
		9CA69FDA287DDBBD0073817D /* Extensions */ = {
			isa = PBXGroup;
			children = (
				9CA69FDB287DDBC90073817D /* UIColor+.swift */,
				9CA69FE1287DEA050073817D /* UIFont+.swift */,
				9C84CDD4288735D000B643F5 /* UIStackView+.swift */,
				9C4849882888764C00B95FA0 /* UIButton+.swift */,
				9CB541FB288EF03C000C868E /* UIView+.swift */,
			);
			path = Extensions;
			sourceTree = "<group>";
		};
		9CA69FDD287DDFE20073817D /* Application */ = {
			isa = PBXGroup;
			children = (
				9C773A7427CD4B7C00B6B589 /* AppDelegate.swift */,
				9C773A7627CD4B7C00B6B589 /* SceneDelegate.swift */,
			);
			path = Application;
			sourceTree = "<group>";
		};
		9CA69FDE287DDFF50073817D /* Helpers */ = {
			isa = PBXGroup;
			children = (
				9C773A7F27CD4B7F00B6B589 /* LaunchScreen.storyboard */,
				9C773A7D27CD4B7F00B6B589 /* Assets.xcassets */,
			);
			path = Helpers;
			sourceTree = "<group>";
		};
		9CA69FDF287DE0520073817D /* Controllers */ = {
			isa = PBXGroup;
			children = (
				9CA69FF6287F12D90073817D /* MainTabBarController.swift */,
				9C773A7827CD4B7C00B6B589 /* SplashScreenViewController.swift */,
				9CA69FE3287DEB5F0073817D /* HelpCategoriesViewController.swift */,
				9C84CDA92885CB5300B643F5 /* CharityEventsViewController.swift */,
				9C84CDC628871C5C00B643F5 /* DetailEventViewController.swift */,
			);
			path = Controllers;
			sourceTree = "<group>";
		};
		9CA69FE0287DE0670073817D /* Storyboards */ = {
			isa = PBXGroup;
			children = (
				9C773A7A27CD4B7C00B6B589 /* Main.storyboard */,
			);
			path = Storyboards;
			sourceTree = "<group>";
		};
		9CA69FE5287DECB50073817D /* Views */ = {
			isa = PBXGroup;
			children = (
				9CA69FEB287DF5010073817D /* HelpCategoriesViewControllerCell.swift */,
				9C84CDAF2885EA9D00B643F5 /* CharityCell.swift */,
				9C84CDC8288723D800B643F5 /* DetailEventCell.swift */,
				9C84CDD62887555000B643F5 /* TableFooterView.swift */,
				9C48498628885BA900B95FA0 /* HelpVariantsView.swift */,
				9CA69FED287DF6140073817D /* SectionHeader.swift */,
				9CA69FF8287F13E20073817D /* CustomTabBar.swift */,
			);
			path = Views;
			sourceTree = "<group>";
		};
		9CA69FE6287DECBB0073817D /* Models */ = {
			isa = PBXGroup;
			children = (
				9CA69FE7287DF2B00073817D /* Categories.swift */,
				9C84CDA72885C8EA00B643F5 /* Event.swift */,
				9CA69FE9287DF3750073817D /* Section.swift */,
				9CFB0BB32891A59C0094CFFD /* Realm */,
			);
			path = Models;
			sourceTree = "<group>";
		};
		9CA69FF1287E0A660073817D /* Fonts */ = {
			isa = PBXGroup;
			children = (
				9C84CDD228872EB100B643F5 /* OfficinaSansExtraBoldSCC.otf */,
				9C84CDD828875D0700B643F5 /* Ubuntu-Regular.ttf */,
			);
			path = Fonts;
			sourceTree = "<group>";
		};
		9CFB0BB32891A59C0094CFFD /* Realm */ = {
			isa = PBXGroup;
			children = (
				9CFB0BB12891A5900094CFFD /* RealmCategories.swift */,
				9CFB0BAF2891A5840094CFFD /* RealmEvent.swift */,
			);
			path = Realm;
			sourceTree = "<group>";
		};
/* End PBXGroup section */

/* Begin PBXNativeTarget section */
		9C773A7027CD4B7C00B6B589 /* SSoftProject */ = {
			isa = PBXNativeTarget;
			buildConfigurationList = 9C773A8527CD4B7F00B6B589 /* Build configuration list for PBXNativeTarget "SSoftProject" */;
			buildPhases = (
				63E359E3F82A51F4319B6AF0 /* [CP] Check Pods Manifest.lock */,
				9C773A6D27CD4B7C00B6B589 /* Sources */,
				9C773A6E27CD4B7C00B6B589 /* Frameworks */,
				9C773A6F27CD4B7C00B6B589 /* Resources */,
				550973E95B9E3CF54754500C /* [CP] Embed Pods Frameworks */,
				9CA69FFA287F44AF0073817D /* ShellScript */,
			);
			buildRules = (
			);
			dependencies = (
			);
			name = SSoftProject;
			productName = SSoftProject;
			productReference = 9C773A7127CD4B7C00B6B589 /* SSoftProject.app */;
			productType = "com.apple.product-type.application";
		};
/* End PBXNativeTarget section */

/* Begin PBXProject section */
		9C773A6927CD4B7C00B6B589 /* Project object */ = {
			isa = PBXProject;
			attributes = {
				BuildIndependentTargetsInParallel = 1;
				LastSwiftUpdateCheck = 1320;
				LastUpgradeCheck = 1320;
				TargetAttributes = {
					9C773A7027CD4B7C00B6B589 = {
						CreatedOnToolsVersion = 13.2.1;
					};
				};
			};
			buildConfigurationList = 9C773A6C27CD4B7C00B6B589 /* Build configuration list for PBXProject "SSoftProject" */;
			compatibilityVersion = "Xcode 13.0";
			developmentRegion = en;
			hasScannedForEncodings = 0;
			knownRegions = (
				en,
				Base,
			);
			mainGroup = 9C773A6827CD4B7C00B6B589;
			productRefGroup = 9C773A7227CD4B7C00B6B589 /* Products */;
			projectDirPath = "";
			projectRoot = "";
			targets = (
				9C773A7027CD4B7C00B6B589 /* SSoftProject */,
			);
		};
/* End PBXProject section */

/* Begin PBXResourcesBuildPhase section */
		9C773A6F27CD4B7C00B6B589 /* Resources */ = {
			isa = PBXResourcesBuildPhase;
			buildActionMask = 2147483647;
			files = (
				9C84CDB42887046300B643F5 /* Categories.json in Resources */,
				9C84CDD328872EB100B643F5 /* OfficinaSansExtraBoldSCC.otf in Resources */,
				9C773A8127CD4B7F00B6B589 /* LaunchScreen.storyboard in Resources */,
				9C84CDC52887150B00B643F5 /* Events.json in Resources */,
				9C773A7E27CD4B7F00B6B589 /* Assets.xcassets in Resources */,
				9C84CDD928875D0700B643F5 /* Ubuntu-Regular.ttf in Resources */,
				9C773A7C27CD4B7C00B6B589 /* Main.storyboard in Resources */,
				9CBD18D9289B1809005E4167 /* GoogleService-Info.plist in Resources */,
			);
			runOnlyForDeploymentPostprocessing = 0;
		};
/* End PBXResourcesBuildPhase section */

/* Begin PBXShellScriptBuildPhase section */
		550973E95B9E3CF54754500C /* [CP] Embed Pods Frameworks */ = {
			isa = PBXShellScriptBuildPhase;
			buildActionMask = 2147483647;
			files = (
			);
			inputFileListPaths = (
				"${PODS_ROOT}/Target Support Files/Pods-SSoftProject/Pods-SSoftProject-frameworks-${CONFIGURATION}-input-files.xcfilelist",
			);
			name = "[CP] Embed Pods Frameworks";
			outputFileListPaths = (
				"${PODS_ROOT}/Target Support Files/Pods-SSoftProject/Pods-SSoftProject-frameworks-${CONFIGURATION}-output-files.xcfilelist",
			);
			runOnlyForDeploymentPostprocessing = 0;
			shellPath = /bin/sh;
			shellScript = "\"${PODS_ROOT}/Target Support Files/Pods-SSoftProject/Pods-SSoftProject-frameworks.sh\"\n";
			showEnvVarsInLog = 0;
		};
		63E359E3F82A51F4319B6AF0 /* [CP] Check Pods Manifest.lock */ = {
			isa = PBXShellScriptBuildPhase;
			buildActionMask = 2147483647;
			files = (
			);
			inputFileListPaths = (
			);
			inputPaths = (
				"${PODS_PODFILE_DIR_PATH}/Podfile.lock",
				"${PODS_ROOT}/Manifest.lock",
			);
			name = "[CP] Check Pods Manifest.lock";
			outputFileListPaths = (
			);
			outputPaths = (
				"$(DERIVED_FILE_DIR)/Pods-SSoftProject-checkManifestLockResult.txt",
			);
			runOnlyForDeploymentPostprocessing = 0;
			shellPath = /bin/sh;
			shellScript = "diff \"${PODS_PODFILE_DIR_PATH}/Podfile.lock\" \"${PODS_ROOT}/Manifest.lock\" > /dev/null\nif [ $? != 0 ] ; then\n    # print error to STDERR\n    echo \"error: The sandbox is not in sync with the Podfile.lock. Run 'pod install' or update your CocoaPods installation.\" >&2\n    exit 1\nfi\n# This output is used by Xcode 'outputs' to avoid re-running this script phase.\necho \"SUCCESS\" > \"${SCRIPT_OUTPUT_FILE_0}\"\n";
			showEnvVarsInLog = 0;
		};
		9CA69FFA287F44AF0073817D /* ShellScript */ = {
			isa = PBXShellScriptBuildPhase;
			buildActionMask = 2147483647;
			files = (
			);
			inputFileListPaths = (
			);
			inputPaths = (
			);
			outputFileListPaths = (
			);
			outputPaths = (
			);
			runOnlyForDeploymentPostprocessing = 0;
			shellPath = /bin/sh;
			shellScript = "# Type a script or drag a script file from your workspace to insert its path.\n\"${PODS_ROOT}/SwiftLint/swiftlint\"\n";
		};
/* End PBXShellScriptBuildPhase section */

/* Begin PBXSourcesBuildPhase section */
		9C773A6D27CD4B7C00B6B589 /* Sources */ = {
			isa = PBXSourcesBuildPhase;
			buildActionMask = 2147483647;
			files = (
				9C54261E289EAFC8009F1FE8 /* JSONParameterEncoder.swift in Sources */,
				9CA69FEC287DF5010073817D /* HelpCategoriesViewControllerCell.swift in Sources */,
				9CBD189A28984D95005E4167 /* CategoriesCD+CoreDataProperties.swift in Sources */,
				9CBD1895289831DB005E4167 /* EventsCD+CoreDataClass.swift in Sources */,
				9C542626289EBA0F009F1FE8 /* NetworkManager.swift in Sources */,
				9C773A7927CD4B7C00B6B589 /* SplashScreenViewController.swift in Sources */,
				9CA69FF7287F12D90073817D /* MainTabBarController.swift in Sources */,
				9CA69FF9287F13E20073817D /* CustomTabBar.swift in Sources */,
				9C84CDA82885C8EA00B643F5 /* Event.swift in Sources */,
				9C84CDB02885EA9D00B643F5 /* CharityCell.swift in Sources */,
				9C54261C289EADDE009F1FE8 /* URLParameterEncoder.swift in Sources */,
				9C542622289EB17C009F1FE8 /* Router.swift in Sources */,
				9CA69FEE287DF6140073817D /* SectionHeader.swift in Sources */,
				9CA69FE8287DF2B00073817D /* Categories.swift in Sources */,
				9C542624289EB6EE009F1FE8 /* CategoriesEndPoint.swift in Sources */,
				9CA69FDC287DDBC90073817D /* UIColor+.swift in Sources */,
				9CBD18DB289B2654005E4167 /* NetworkingService.swift in Sources */,
				9CA69FE2287DEA050073817D /* UIFont+.swift in Sources */,
				9C542614289EA9EA009F1FE8 /* EndPointType.swift in Sources */,
				9C54261A289EAC06009F1FE8 /* ParameterEncoding.swift in Sources */,
				9C84CDAA2885CB5300B643F5 /* CharityEventsViewController.swift in Sources */,
				9CA69FE4287DEB5F0073817D /* HelpCategoriesViewController.swift in Sources */,
				9CB541FC288EF03C000C868E /* UIView+.swift in Sources */,
				9C542618289EAB1F009F1FE8 /* HTTPTask.swift in Sources */,
				9CFB0BB52891A7610094CFFD /* RealmService.swift in Sources */,
				9C84CDC9288723D800B643F5 /* DetailEventCell.swift in Sources */,
				9C84CDC728871C5C00B643F5 /* DetailEventViewController.swift in Sources */,
				9C84CDAD2885E43300B643F5 /* JSONDecoderService.swift in Sources */,
				9CBD1896289831DB005E4167 /* EventsCD+CoreDataProperties.swift in Sources */,
				9C4849892888764C00B95FA0 /* UIButton+.swift in Sources */,
				9C1A41F228942E1A002B7C80 /* CategoriesCoreDataModel.xcdatamodeld in Sources */,
				9C48498728885BA900B95FA0 /* HelpVariantsView.swift in Sources */,
				9C1A42002896D12A002B7C80 /* CoreDataService.swift in Sources */,
				9C84CDD72887555000B643F5 /* TableFooterView.swift in Sources */,
				9CBD189928984D95005E4167 /* CategoriesCD+CoreDataClass.swift in Sources */,
				9C84CDD5288735D100B643F5 /* UIStackView+.swift in Sources */,
				9CA69FEA287DF3750073817D /* Section.swift in Sources */,
				9C773A7527CD4B7C00B6B589 /* AppDelegate.swift in Sources */,
				9CFB0BB02891A5840094CFFD /* RealmEvent.swift in Sources */,
				9C542616289EAA77009F1FE8 /* HTTPMethod.swift in Sources */,
				9C773A7727CD4B7C00B6B589 /* SceneDelegate.swift in Sources */,
				9C84CDB62887052800B643F5 /* Constants.swift in Sources */,
				9CFB0BB22891A5900094CFFD /* RealmCategories.swift in Sources */,
			);
			runOnlyForDeploymentPostprocessing = 0;
		};
/* End PBXSourcesBuildPhase section */

/* Begin PBXVariantGroup section */
		9C773A7A27CD4B7C00B6B589 /* Main.storyboard */ = {
			isa = PBXVariantGroup;
			children = (
				9C773A7B27CD4B7C00B6B589 /* Base */,
			);
			name = Main.storyboard;
			sourceTree = "<group>";
		};
		9C773A7F27CD4B7F00B6B589 /* LaunchScreen.storyboard */ = {
			isa = PBXVariantGroup;
			children = (
				9C773A8027CD4B7F00B6B589 /* Base */,
			);
			name = LaunchScreen.storyboard;
			sourceTree = "<group>";
		};
/* End PBXVariantGroup section */

/* Begin XCBuildConfiguration section */
		9C773A8327CD4B7F00B6B589 /* Debug */ = {
			isa = XCBuildConfiguration;
			buildSettings = {
				ALWAYS_SEARCH_USER_PATHS = NO;
				CLANG_ANALYZER_NONNULL = YES;
				CLANG_ANALYZER_NUMBER_OBJECT_CONVERSION = YES_AGGRESSIVE;
				CLANG_CXX_LANGUAGE_STANDARD = "gnu++17";
				CLANG_CXX_LIBRARY = "libc++";
				CLANG_ENABLE_MODULES = YES;
				CLANG_ENABLE_OBJC_ARC = YES;
				CLANG_ENABLE_OBJC_WEAK = YES;
				CLANG_WARN_BLOCK_CAPTURE_AUTORELEASING = YES;
				CLANG_WARN_BOOL_CONVERSION = YES;
				CLANG_WARN_COMMA = YES;
				CLANG_WARN_CONSTANT_CONVERSION = YES;
				CLANG_WARN_DEPRECATED_OBJC_IMPLEMENTATIONS = YES;
				CLANG_WARN_DIRECT_OBJC_ISA_USAGE = YES_ERROR;
				CLANG_WARN_DOCUMENTATION_COMMENTS = YES;
				CLANG_WARN_EMPTY_BODY = YES;
				CLANG_WARN_ENUM_CONVERSION = YES;
				CLANG_WARN_INFINITE_RECURSION = YES;
				CLANG_WARN_INT_CONVERSION = YES;
				CLANG_WARN_NON_LITERAL_NULL_CONVERSION = YES;
				CLANG_WARN_OBJC_IMPLICIT_RETAIN_SELF = YES;
				CLANG_WARN_OBJC_LITERAL_CONVERSION = YES;
				CLANG_WARN_OBJC_ROOT_CLASS = YES_ERROR;
				CLANG_WARN_QUOTED_INCLUDE_IN_FRAMEWORK_HEADER = YES;
				CLANG_WARN_RANGE_LOOP_ANALYSIS = YES;
				CLANG_WARN_STRICT_PROTOTYPES = YES;
				CLANG_WARN_SUSPICIOUS_MOVE = YES;
				CLANG_WARN_UNGUARDED_AVAILABILITY = YES_AGGRESSIVE;
				CLANG_WARN_UNREACHABLE_CODE = YES;
				CLANG_WARN__DUPLICATE_METHOD_MATCH = YES;
				COPY_PHASE_STRIP = NO;
				DEBUG_INFORMATION_FORMAT = dwarf;
				ENABLE_STRICT_OBJC_MSGSEND = YES;
				ENABLE_TESTABILITY = YES;
				GCC_C_LANGUAGE_STANDARD = gnu11;
				GCC_DYNAMIC_NO_PIC = NO;
				GCC_NO_COMMON_BLOCKS = YES;
				GCC_OPTIMIZATION_LEVEL = 0;
				GCC_PREPROCESSOR_DEFINITIONS = (
					"DEBUG=1",
					"$(inherited)",
				);
				GCC_WARN_64_TO_32_BIT_CONVERSION = YES;
				GCC_WARN_ABOUT_RETURN_TYPE = YES_ERROR;
				GCC_WARN_UNDECLARED_SELECTOR = YES;
				GCC_WARN_UNINITIALIZED_AUTOS = YES_AGGRESSIVE;
				GCC_WARN_UNUSED_FUNCTION = YES;
				GCC_WARN_UNUSED_VARIABLE = YES;
				INFOPLIST_KEY_UILaunchStoryboardName = SSoftProject/Helpers/LaunchScreen;
				IPHONEOS_DEPLOYMENT_TARGET = 13.0;
				MTL_ENABLE_DEBUG_INFO = INCLUDE_SOURCE;
				MTL_FAST_MATH = YES;
				ONLY_ACTIVE_ARCH = YES;
				SDKROOT = iphoneos;
				SWIFT_ACTIVE_COMPILATION_CONDITIONS = DEBUG;
				SWIFT_OPTIMIZATION_LEVEL = "-Onone";
			};
			name = Debug;
		};
		9C773A8427CD4B7F00B6B589 /* Release */ = {
			isa = XCBuildConfiguration;
			buildSettings = {
				ALWAYS_SEARCH_USER_PATHS = NO;
				CLANG_ANALYZER_NONNULL = YES;
				CLANG_ANALYZER_NUMBER_OBJECT_CONVERSION = YES_AGGRESSIVE;
				CLANG_CXX_LANGUAGE_STANDARD = "gnu++17";
				CLANG_CXX_LIBRARY = "libc++";
				CLANG_ENABLE_MODULES = YES;
				CLANG_ENABLE_OBJC_ARC = YES;
				CLANG_ENABLE_OBJC_WEAK = YES;
				CLANG_WARN_BLOCK_CAPTURE_AUTORELEASING = YES;
				CLANG_WARN_BOOL_CONVERSION = YES;
				CLANG_WARN_COMMA = YES;
				CLANG_WARN_CONSTANT_CONVERSION = YES;
				CLANG_WARN_DEPRECATED_OBJC_IMPLEMENTATIONS = YES;
				CLANG_WARN_DIRECT_OBJC_ISA_USAGE = YES_ERROR;
				CLANG_WARN_DOCUMENTATION_COMMENTS = YES;
				CLANG_WARN_EMPTY_BODY = YES;
				CLANG_WARN_ENUM_CONVERSION = YES;
				CLANG_WARN_INFINITE_RECURSION = YES;
				CLANG_WARN_INT_CONVERSION = YES;
				CLANG_WARN_NON_LITERAL_NULL_CONVERSION = YES;
				CLANG_WARN_OBJC_IMPLICIT_RETAIN_SELF = YES;
				CLANG_WARN_OBJC_LITERAL_CONVERSION = YES;
				CLANG_WARN_OBJC_ROOT_CLASS = YES_ERROR;
				CLANG_WARN_QUOTED_INCLUDE_IN_FRAMEWORK_HEADER = YES;
				CLANG_WARN_RANGE_LOOP_ANALYSIS = YES;
				CLANG_WARN_STRICT_PROTOTYPES = YES;
				CLANG_WARN_SUSPICIOUS_MOVE = YES;
				CLANG_WARN_UNGUARDED_AVAILABILITY = YES_AGGRESSIVE;
				CLANG_WARN_UNREACHABLE_CODE = YES;
				CLANG_WARN__DUPLICATE_METHOD_MATCH = YES;
				COPY_PHASE_STRIP = NO;
				DEBUG_INFORMATION_FORMAT = "dwarf-with-dsym";
				ENABLE_NS_ASSERTIONS = NO;
				ENABLE_STRICT_OBJC_MSGSEND = YES;
				GCC_C_LANGUAGE_STANDARD = gnu11;
				GCC_NO_COMMON_BLOCKS = YES;
				GCC_WARN_64_TO_32_BIT_CONVERSION = YES;
				GCC_WARN_ABOUT_RETURN_TYPE = YES_ERROR;
				GCC_WARN_UNDECLARED_SELECTOR = YES;
				GCC_WARN_UNINITIALIZED_AUTOS = YES_AGGRESSIVE;
				GCC_WARN_UNUSED_FUNCTION = YES;
				GCC_WARN_UNUSED_VARIABLE = YES;
				INFOPLIST_KEY_UILaunchStoryboardName = SSoftProject/Helpers/LaunchScreen;
				IPHONEOS_DEPLOYMENT_TARGET = 13.0;
				MTL_ENABLE_DEBUG_INFO = NO;
				MTL_FAST_MATH = YES;
				SDKROOT = iphoneos;
				SWIFT_COMPILATION_MODE = wholemodule;
				SWIFT_OPTIMIZATION_LEVEL = "-O";
				VALIDATE_PRODUCT = YES;
			};
			name = Release;
		};
		9C773A8627CD4B7F00B6B589 /* Debug */ = {
			isa = XCBuildConfiguration;
			baseConfigurationReference = 91C79F6CA6A07609843A1CFF /* Pods-SSoftProject.debug.xcconfig */;
			buildSettings = {
				ASSETCATALOG_COMPILER_APPICON_NAME = AppIcon;
				ASSETCATALOG_COMPILER_GLOBAL_ACCENT_COLOR_NAME = AccentColor;
				CODE_SIGN_STYLE = Automatic;
				CURRENT_PROJECT_VERSION = 1;
				DEVELOPMENT_TEAM = 7XP9H5G8CF;
				GENERATE_INFOPLIST_FILE = YES;
				INFOPLIST_FILE = SSoftProject/Info.plist;
				INFOPLIST_KEY_CFBundleDisplayName = "Хочу помочь";
				INFOPLIST_KEY_UIApplicationSupportsIndirectInputEvents = YES;
				INFOPLIST_KEY_UILaunchStoryboardName = LaunchScreen;
				INFOPLIST_KEY_UIMainStoryboardFile = Main;
				INFOPLIST_KEY_UISupportedInterfaceOrientations = UIInterfaceOrientationPortrait;
				INFOPLIST_KEY_UISupportedInterfaceOrientations_iPad = "UIInterfaceOrientationPortrait UIInterfaceOrientationPortraitUpsideDown UIInterfaceOrientationLandscapeLeft UIInterfaceOrientationLandscapeRight";
				INFOPLIST_KEY_UISupportedInterfaceOrientations_iPhone = "UIInterfaceOrientationPortrait UIInterfaceOrientationLandscapeLeft UIInterfaceOrientationLandscapeRight";
				IPHONEOS_DEPLOYMENT_TARGET = 13.0;
				LD_RUNPATH_SEARCH_PATHS = (
					"$(inherited)",
					"@executable_path/Frameworks",
				);
				MARKETING_VERSION = 1.0;
				PRODUCT_BUNDLE_IDENTIFIER = com.underscoreow.SSoftProject;
				PRODUCT_NAME = "$(TARGET_NAME)";
				SWIFT_EMIT_LOC_STRINGS = YES;
				SWIFT_VERSION = 5.0;
				TARGETED_DEVICE_FAMILY = 1;
			};
			name = Debug;
		};
		9C773A8727CD4B7F00B6B589 /* Release */ = {
			isa = XCBuildConfiguration;
			baseConfigurationReference = 077F248D1FA71E5D3F05E60D /* Pods-SSoftProject.release.xcconfig */;
			buildSettings = {
				ASSETCATALOG_COMPILER_APPICON_NAME = AppIcon;
				ASSETCATALOG_COMPILER_GLOBAL_ACCENT_COLOR_NAME = AccentColor;
				CODE_SIGN_STYLE = Automatic;
				CURRENT_PROJECT_VERSION = 1;
				DEVELOPMENT_TEAM = 7XP9H5G8CF;
				GENERATE_INFOPLIST_FILE = YES;
				INFOPLIST_FILE = SSoftProject/Info.plist;
				INFOPLIST_KEY_CFBundleDisplayName = "Хочу помочь";
				INFOPLIST_KEY_UIApplicationSupportsIndirectInputEvents = YES;
				INFOPLIST_KEY_UILaunchStoryboardName = LaunchScreen;
				INFOPLIST_KEY_UIMainStoryboardFile = Main;
				INFOPLIST_KEY_UISupportedInterfaceOrientations = UIInterfaceOrientationPortrait;
				INFOPLIST_KEY_UISupportedInterfaceOrientations_iPad = "UIInterfaceOrientationPortrait UIInterfaceOrientationPortraitUpsideDown UIInterfaceOrientationLandscapeLeft UIInterfaceOrientationLandscapeRight";
				INFOPLIST_KEY_UISupportedInterfaceOrientations_iPhone = "UIInterfaceOrientationPortrait UIInterfaceOrientationLandscapeLeft UIInterfaceOrientationLandscapeRight";
				IPHONEOS_DEPLOYMENT_TARGET = 13.0;
				LD_RUNPATH_SEARCH_PATHS = (
					"$(inherited)",
					"@executable_path/Frameworks",
				);
				MARKETING_VERSION = 1.0;
				PRODUCT_BUNDLE_IDENTIFIER = com.underscoreow.SSoftProject;
				PRODUCT_NAME = "$(TARGET_NAME)";
				SWIFT_EMIT_LOC_STRINGS = YES;
				SWIFT_VERSION = 5.0;
				TARGETED_DEVICE_FAMILY = 1;
			};
			name = Release;
		};
/* End XCBuildConfiguration section */

/* Begin XCConfigurationList section */
		9C773A6C27CD4B7C00B6B589 /* Build configuration list for PBXProject "SSoftProject" */ = {
			isa = XCConfigurationList;
			buildConfigurations = (
				9C773A8327CD4B7F00B6B589 /* Debug */,
				9C773A8427CD4B7F00B6B589 /* Release */,
			);
			defaultConfigurationIsVisible = 0;
			defaultConfigurationName = Release;
		};
		9C773A8527CD4B7F00B6B589 /* Build configuration list for PBXNativeTarget "SSoftProject" */ = {
			isa = XCConfigurationList;
			buildConfigurations = (
				9C773A8627CD4B7F00B6B589 /* Debug */,
				9C773A8727CD4B7F00B6B589 /* Release */,
			);
			defaultConfigurationIsVisible = 0;
			defaultConfigurationName = Release;
		};
/* End XCConfigurationList section */

/* Begin XCVersionGroup section */
		9C1A41F028942E1A002B7C80 /* CategoriesCoreDataModel.xcdatamodeld */ = {
			isa = XCVersionGroup;
			children = (
				9C1A41F128942E1A002B7C80 /* CategoriesCoreDataModel.xcdatamodel */,
			);
			currentVersion = 9C1A41F128942E1A002B7C80 /* CategoriesCoreDataModel.xcdatamodel */;
			path = CategoriesCoreDataModel.xcdatamodeld;
			sourceTree = "<group>";
			versionGroupType = wrapper.xcdatamodel;
		};
/* End XCVersionGroup section */
	};
	rootObject = 9C773A6927CD4B7C00B6B589 /* Project object */;
}
