PODS:
  - Alamofire (5.5.0)
  - SwiftLint (0.47.1)

DEPENDENCIES:
  - Alamofire
  - SwiftLint

SPEC REPOS:
  trunk:
    - Alamofire
    - SwiftLint

SPEC CHECKSUMS:
  Alamofire: 1c4fb5369c3fe93d2857c780d8bbe09f06f97e7c
  SwiftLint: f80f1be7fa96d30e0aa68e58d45d4ea1ccaac519

PODFILE CHECKSUM: b6cc19f72a2f3d129e215696b4b2a5c06b675070

COCOAPODS: 1.11.3
